
Microsoft Visual Studio Solution File, Format Version 12.00
# Visual Studio 15
VisualStudioVersion = 15.0.28307.438
MinimumVisualStudioVersion = 10.0.40219.1
Project("{FAE04EC0-301F-11D3-BF4B-00C04F79EFBC}") = "SimpleKeyVault", "SimpleKeyVault\SimpleKeyVault.csproj", "{8890F52D-5CB9-4E56-AD95-20D2722BDF32}"
EndProject
Global
	GlobalSection(SolutionConfigurationPlatforms) = preSolution
		Debug|Any CPU = Debug|Any CPU
		Release|Any CPU = Release|Any CPU
	EndGlobalSection
	GlobalSection(ProjectConfigurationPlatforms) = postSolution
		{8890F52D-5CB9-4E56-AD95-20D2722BDF32}.Debug|Any CPU.ActiveCfg = Debug|Any CPU
		{8890F52D-5CB9-4E56-AD95-20D2722BDF32}.Debug|Any CPU.Build.0 = Debug|Any CPU
		{8890F52D-5CB9-4E56-AD95-20D2722BDF32}.Release|Any CPU.ActiveCfg = Release|Any CPU
		{8890F52D-5CB9-4E56-AD95-20D2722BDF32}.Release|Any CPU.Build.0 = Release|Any CPU
	EndGlobalSection
	GlobalSection(SolutionProperties) = preSolution
		HideSolutionNode = FALSE
	EndGlobalSection
	GlobalSection(ExtensibilityGlobals) = postSolution
		SolutionGuid = {387F64A5-00D0-4FFD-9F1F-6D550DE2E825}
	EndGlobalSection
EndGlobal
