
Microsoft Visual Studio Solution File, Format Version 12.00
# Visual Studio Version 17
VisualStudioVersion = 17.8.34511.84
MinimumVisualStudioVersion = 10.0.40219.1
Project("{9A19103F-16F7-4668-BE54-9A1E7A4F7556}") = "Activity3PService", "Activity3PService.csproj", "{30405618-169E-434A-B8A1-1CF1B0F01B6E}"
EndProject
Global
	GlobalSection(SolutionConfigurationPlatforms) = preSolution
		Debug|Any CPU = Debug|Any CPU
		Release|Any CPU = Release|Any CPU
	EndGlobalSection
	GlobalSection(ProjectConfigurationPlatforms) = postSolution
		{30405618-169E-434A-B8A1-1CF1B0F01B6E}.Debug|Any CPU.ActiveCfg = Debug|Any CPU
		{30405618-169E-434A-B8A1-1CF1B0F01B6E}.Debug|Any CPU.Build.0 = Debug|Any CPU
		{30405618-169E-434A-B8A1-1CF1B0F01B6E}.Release|Any CPU.ActiveCfg = Release|Any CPU
		{30405618-169E-434A-B8A1-1CF1B0F01B6E}.Release|Any CPU.Build.0 = Release|Any CPU
	EndGlobalSection
	GlobalSection(SolutionProperties) = preSolution
		HideSolutionNode = FALSE
	EndGlobalSection
	GlobalSection(ExtensibilityGlobals) = postSolution
		SolutionGuid = {A07FB24E-737E-4288-94AD-B4E8D409D312}
	EndGlobalSection
EndGlobal
