
Microsoft Visual Studio Solution File, Format Version 12.00
# Visual Studio Version 16
VisualStudioVersion = 16.0.30320.27
MinimumVisualStudioVersion = 10.0.40219.1
Project("{FAE04EC0-301F-11D3-BF4B-00C04F79EFBC}") = "SurveyBE", "SurveyBE\SurveyBE.csproj", "{122E9D0C-0F7A-4953-9D5E-D30068274064}"
EndProject
Global
	GlobalSection(SolutionConfigurationPlatforms) = preSolution
		Debug|Any CPU = Debug|Any CPU
		Release|Any CPU = Release|Any CPU
	EndGlobalSection
	GlobalSection(ProjectConfigurationPlatforms) = postSolution
		{122E9D0C-0F7A-4953-9D5E-D30068274064}.Debug|Any CPU.ActiveCfg = Debug|Any CPU
		{122E9D0C-0F7A-4953-9D5E-D30068274064}.Debug|Any CPU.Build.0 = Debug|Any CPU
		{122E9D0C-0F7A-4953-9D5E-D30068274064}.Release|Any CPU.ActiveCfg = Release|Any CPU
		{122E9D0C-0F7A-4953-9D5E-D30068274064}.Release|Any CPU.Build.0 = Release|Any CPU
	EndGlobalSection
	GlobalSection(SolutionProperties) = preSolution
		HideSolutionNode = FALSE
	EndGlobalSection
	GlobalSection(ExtensibilityGlobals) = postSolution
		SolutionGuid = {88DE1426-CD88-4C5A-B736-7E62BD3AB22B}
	EndGlobalSection
EndGlobal
